// !$*UTF8*$!
{
	archiveVersion = 1;
	classes = {
	};
	objectVersion = 51;
	objects = {

/* Begin PBXBuildFile section */
		4518A13C2461DDF800A98DC4 /* AppDelegate.swift in Sources */ = {isa = PBXBuildFile; fileRef = 4518A13B2461DDF800A98DC4 /* AppDelegate.swift */; };
		4518A1422461DE0100A98DC4 /* Assets.xcassets in Resources */ = {isa = PBXBuildFile; fileRef = 4518A1412461DE0100A98DC4 /* Assets.xcassets */; };
		4518A1452461DE0100A98DC4 /* Preview Assets.xcassets in Resources */ = {isa = PBXBuildFile; fileRef = 4518A1442461DE0100A98DC4 /* Preview Assets.xcassets */; };
		4518A1482461DE0100A98DC4 /* LaunchScreen.storyboard in Resources */ = {isa = PBXBuildFile; fileRef = 4518A1462461DE0100A98DC4 /* LaunchScreen.storyboard */; };
		45EFDAA02461DFF2009F2633 /* HomeView.swift in Sources */ = {isa = PBXBuildFile; fileRef = 45EFDA9F2461DFF2009F2633 /* HomeView.swift */; };
		45EFDAA22461E186009F2633 /* Sockets.swift in Sources */ = {isa = PBXBuildFile; fileRef = 45EFDAA12461E186009F2633 /* Sockets.swift */; };
		DD0A4ABCD875D7AEB45983B2 /* Pods_Flight.framework in Frameworks */ = {isa = PBXBuildFile; fileRef = FAC8A887839A575DC1048A64 /* Pods_Flight.framework */; };
/* End PBXBuildFile section */

/* Begin PBXFileReference section */
		21BF1DFCD133F3643AB9CCA6 /* Pods-FlightTests.release.xcconfig */ = {isa = PBXFileReference; includeInIndex = 1; lastKnownFileType = text.xcconfig; name = "Pods-FlightTests.release.xcconfig"; path = "Target Support Files/Pods-FlightTests/Pods-FlightTests.release.xcconfig"; sourceTree = "<group>"; };
		4518A1382461DDF700A98DC4 /* Flight.app */ = {isa = PBXFileReference; explicitFileType = wrapper.application; includeInIndex = 0; path = Flight.app; sourceTree = BUILT_PRODUCTS_DIR; };
		4518A13B2461DDF800A98DC4 /* AppDelegate.swift */ = {isa = PBXFileReference; lastKnownFileType = sourcecode.swift; path = AppDelegate.swift; sourceTree = "<group>"; };
		4518A1412461DE0100A98DC4 /* Assets.xcassets */ = {isa = PBXFileReference; lastKnownFileType = folder.assetcatalog; path = Assets.xcassets; sourceTree = "<group>"; };
		4518A1442461DE0100A98DC4 /* Preview Assets.xcassets */ = {isa = PBXFileReference; lastKnownFileType = folder.assetcatalog; path = "Preview Assets.xcassets"; sourceTree = "<group>"; };
		4518A1472461DE0100A98DC4 /* Base */ = {isa = PBXFileReference; lastKnownFileType = file.storyboard; name = Base; path = Base.lproj/LaunchScreen.storyboard; sourceTree = "<group>"; };
		4518A1492461DE0100A98DC4 /* Info.plist */ = {isa = PBXFileReference; lastKnownFileType = text.plist.xml; path = Info.plist; sourceTree = "<group>"; };
		4518A1522461DE0200A98DC4 /* FlightTests.swift */ = {isa = PBXFileReference; lastKnownFileType = sourcecode.swift; path = FlightTests.swift; sourceTree = "<group>"; };
		4518A1542461DE0200A98DC4 /* Info.plist */ = {isa = PBXFileReference; lastKnownFileType = text.plist.xml; path = Info.plist; sourceTree = "<group>"; };
		4518A15D2461DE0200A98DC4 /* FlightUITests.swift */ = {isa = PBXFileReference; lastKnownFileType = sourcecode.swift; path = FlightUITests.swift; sourceTree = "<group>"; };
		4518A15F2461DE0200A98DC4 /* Info.plist */ = {isa = PBXFileReference; lastKnownFileType = text.plist.xml; path = Info.plist; sourceTree = "<group>"; };
		45EFDA9F2461DFF2009F2633 /* HomeView.swift */ = {isa = PBXFileReference; lastKnownFileType = sourcecode.swift; path = HomeView.swift; sourceTree = "<group>"; };
		45EFDAA12461E186009F2633 /* Sockets.swift */ = {isa = PBXFileReference; lastKnownFileType = sourcecode.swift; path = Sockets.swift; sourceTree = "<group>"; };
		680BAF1030D434B481974E54 /* Pods_Flight_FlightUITests.framework */ = {isa = PBXFileReference; explicitFileType = wrapper.framework; includeInIndex = 0; path = Pods_Flight_FlightUITests.framework; sourceTree = BUILT_PRODUCTS_DIR; };
		748F2CAD2376606B7B5F3EC7 /* Pods_FlightTests.framework */ = {isa = PBXFileReference; explicitFileType = wrapper.framework; includeInIndex = 0; path = Pods_FlightTests.framework; sourceTree = BUILT_PRODUCTS_DIR; };
		A61E605FFA72447D078076A7 /* Pods-Flight-FlightUITests.release.xcconfig */ = {isa = PBXFileReference; includeInIndex = 1; lastKnownFileType = text.xcconfig; name = "Pods-Flight-FlightUITests.release.xcconfig"; path = "Target Support Files/Pods-Flight-FlightUITests/Pods-Flight-FlightUITests.release.xcconfig"; sourceTree = "<group>"; };
		ADCFE14DF1A5BAB7978DAD37 /* Pods-Flight-FlightUITests.debug.xcconfig */ = {isa = PBXFileReference; includeInIndex = 1; lastKnownFileType = text.xcconfig; name = "Pods-Flight-FlightUITests.debug.xcconfig"; path = "Target Support Files/Pods-Flight-FlightUITests/Pods-Flight-FlightUITests.debug.xcconfig"; sourceTree = "<group>"; };
		B3CA4E8450DE67C3B1977141 /* Pods-Flight.release.xcconfig */ = {isa = PBXFileReference; includeInIndex = 1; lastKnownFileType = text.xcconfig; name = "Pods-Flight.release.xcconfig"; path = "Target Support Files/Pods-Flight/Pods-Flight.release.xcconfig"; sourceTree = "<group>"; };
		BDB5A467300CD6669F5D518C /* Pods-FlightTests.debug.xcconfig */ = {isa = PBXFileReference; includeInIndex = 1; lastKnownFileType = text.xcconfig; name = "Pods-FlightTests.debug.xcconfig"; path = "Target Support Files/Pods-FlightTests/Pods-FlightTests.debug.xcconfig"; sourceTree = "<group>"; };
		F6C6B7EDA20EC54A7AA2D1F4 /* Pods-Flight.debug.xcconfig */ = {isa = PBXFileReference; includeInIndex = 1; lastKnownFileType = text.xcconfig; name = "Pods-Flight.debug.xcconfig"; path = "Target Support Files/Pods-Flight/Pods-Flight.debug.xcconfig"; sourceTree = "<group>"; };
		FAC8A887839A575DC1048A64 /* Pods_Flight.framework */ = {isa = PBXFileReference; explicitFileType = wrapper.framework; includeInIndex = 0; path = Pods_Flight.framework; sourceTree = BUILT_PRODUCTS_DIR; };
/* End PBXFileReference section */

/* Begin PBXFrameworksBuildPhase section */
		4518A1352461DDF700A98DC4 /* Frameworks */ = {
			isa = PBXFrameworksBuildPhase;
			buildActionMask = 2147483647;
			files = (
				DD0A4ABCD875D7AEB45983B2 /* Pods_Flight.framework in Frameworks */,
			);
			runOnlyForDeploymentPostprocessing = 0;
		};
/* End PBXFrameworksBuildPhase section */

/* Begin PBXGroup section */
		1E08ADD681A4C2C4D62276D3 /* Frameworks */ = {
			isa = PBXGroup;
			children = (
				FAC8A887839A575DC1048A64 /* Pods_Flight.framework */,
				680BAF1030D434B481974E54 /* Pods_Flight_FlightUITests.framework */,
				748F2CAD2376606B7B5F3EC7 /* Pods_FlightTests.framework */,
			);
			name = Frameworks;
			sourceTree = "<group>";
		};
		4518A12F2461DDF700A98DC4 = {
			isa = PBXGroup;
			children = (
				4518A13A2461DDF700A98DC4 /* Flight */,
				4518A1512461DE0200A98DC4 /* FlightTests */,
				4518A15C2461DE0200A98DC4 /* FlightUITests */,
				4518A1392461DDF700A98DC4 /* Products */,
				8AFC9BFA18A9C89A5A879F73 /* Pods */,
				1E08ADD681A4C2C4D62276D3 /* Frameworks */,
			);
			sourceTree = "<group>";
		};
		4518A1392461DDF700A98DC4 /* Products */ = {
			isa = PBXGroup;
			children = (
				4518A1382461DDF700A98DC4 /* Flight.app */,
			);
			name = Products;
			sourceTree = "<group>";
		};
		4518A13A2461DDF700A98DC4 /* Flight */ = {
			isa = PBXGroup;
			children = (
				4518A13B2461DDF800A98DC4 /* AppDelegate.swift */,
				45EFDA9F2461DFF2009F2633 /* HomeView.swift */,
				45EFDAA12461E186009F2633 /* Sockets.swift */,
				4518A1412461DE0100A98DC4 /* Assets.xcassets */,
				4518A1462461DE0100A98DC4 /* LaunchScreen.storyboard */,
				4518A1492461DE0100A98DC4 /* Info.plist */,
				4518A1432461DE0100A98DC4 /* Preview Content */,
			);
			path = Flight;
			sourceTree = "<group>";
		};
		4518A1432461DE0100A98DC4 /* Preview Content */ = {
			isa = PBXGroup;
			children = (
				4518A1442461DE0100A98DC4 /* Preview Assets.xcassets */,
			);
			path = "Preview Content";
			sourceTree = "<group>";
		};
		4518A1512461DE0200A98DC4 /* FlightTests */ = {
			isa = PBXGroup;
			children = (
				4518A1522461DE0200A98DC4 /* FlightTests.swift */,
				4518A1542461DE0200A98DC4 /* Info.plist */,
			);
			path = FlightTests;
			sourceTree = "<group>";
		};
		4518A15C2461DE0200A98DC4 /* FlightUITests */ = {
			isa = PBXGroup;
			children = (
				4518A15D2461DE0200A98DC4 /* FlightUITests.swift */,
				4518A15F2461DE0200A98DC4 /* Info.plist */,
			);
			path = FlightUITests;
			sourceTree = "<group>";
		};
		8AFC9BFA18A9C89A5A879F73 /* Pods */ = {
			isa = PBXGroup;
			children = (
				F6C6B7EDA20EC54A7AA2D1F4 /* Pods-Flight.debug.xcconfig */,
				B3CA4E8450DE67C3B1977141 /* Pods-Flight.release.xcconfig */,
				ADCFE14DF1A5BAB7978DAD37 /* Pods-Flight-FlightUITests.debug.xcconfig */,
				A61E605FFA72447D078076A7 /* Pods-Flight-FlightUITests.release.xcconfig */,
				BDB5A467300CD6669F5D518C /* Pods-FlightTests.debug.xcconfig */,
				21BF1DFCD133F3643AB9CCA6 /* Pods-FlightTests.release.xcconfig */,
			);
			path = Pods;
			sourceTree = "<group>";
		};
/* End PBXGroup section */

/* Begin PBXNativeTarget section */
		4518A1372461DDF700A98DC4 /* Flight */ = {
			isa = PBXNativeTarget;
			buildConfigurationList = 4518A1622461DE0200A98DC4 /* Build configuration list for PBXNativeTarget "Flight" */;
			buildPhases = (
				4DCCAFCBAFD607E952576B96 /* [CP] Check Pods Manifest.lock */,
				4518A1342461DDF700A98DC4 /* Sources */,
				4518A1352461DDF700A98DC4 /* Frameworks */,
				4518A1362461DDF700A98DC4 /* Resources */,
				A2553DF229CEFD0366BAA949 /* [CP] Embed Pods Frameworks */,
			);
			buildRules = (
			);
			dependencies = (
			);
			name = Flight;
			productName = Flight;
			productReference = 4518A1382461DDF700A98DC4 /* Flight.app */;
			productType = "com.apple.product-type.application";
		};
/* End PBXNativeTarget section */

/* Begin PBXProject section */
		4518A1302461DDF700A98DC4 /* Project object */ = {
			isa = PBXProject;
			attributes = {
				LastSwiftUpdateCheck = 1130;
				LastUpgradeCheck = 1130;
				ORGANIZATIONNAME = "Eli Zhang";
				TargetAttributes = {
					4518A1372461DDF700A98DC4 = {
						CreatedOnToolsVersion = 11.3.1;
					};
				};
			};
			buildConfigurationList = 4518A1332461DDF700A98DC4 /* Build configuration list for PBXProject "Flight" */;
			compatibilityVersion = "Xcode 9.3";
			developmentRegion = en;
			hasScannedForEncodings = 0;
			knownRegions = (
				en,
				Base,
			);
			mainGroup = 4518A12F2461DDF700A98DC4;
			productRefGroup = 4518A1392461DDF700A98DC4 /* Products */;
			projectDirPath = "";
			projectRoot = "";
			targets = (
				4518A1372461DDF700A98DC4 /* Flight */,
			);
		};
/* End PBXProject section */

/* Begin PBXResourcesBuildPhase section */
		4518A1362461DDF700A98DC4 /* Resources */ = {
			isa = PBXResourcesBuildPhase;
			buildActionMask = 2147483647;
			files = (
				4518A1482461DE0100A98DC4 /* LaunchScreen.storyboard in Resources */,
				4518A1452461DE0100A98DC4 /* Preview Assets.xcassets in Resources */,
				4518A1422461DE0100A98DC4 /* Assets.xcassets in Resources */,
			);
			runOnlyForDeploymentPostprocessing = 0;
		};
/* End PBXResourcesBuildPhase section */

/* Begin PBXShellScriptBuildPhase section */
		4DCCAFCBAFD607E952576B96 /* [CP] Check Pods Manifest.lock */ = {
			isa = PBXShellScriptBuildPhase;
			buildActionMask = 2147483647;
			files = (
			);
			inputFileListPaths = (
			);
			inputPaths = (
				"${PODS_PODFILE_DIR_PATH}/Podfile.lock",
				"${PODS_ROOT}/Manifest.lock",
			);
			name = "[CP] Check Pods Manifest.lock";
			outputFileListPaths = (
			);
			outputPaths = (
				"$(DERIVED_FILE_DIR)/Pods-Flight-checkManifestLockResult.txt",
			);
			runOnlyForDeploymentPostprocessing = 0;
			shellPath = /bin/sh;
			shellScript = "diff \"${PODS_PODFILE_DIR_PATH}/Podfile.lock\" \"${PODS_ROOT}/Manifest.lock\" > /dev/null\nif [ $? != 0 ] ; then\n    # print error to STDERR\n    echo \"error: The sandbox is not in sync with the Podfile.lock. Run 'pod install' or update your CocoaPods installation.\" >&2\n    exit 1\nfi\n# This output is used by Xcode 'outputs' to avoid re-running this script phase.\necho \"SUCCESS\" > \"${SCRIPT_OUTPUT_FILE_0}\"\n";
			showEnvVarsInLog = 0;
		};
		A2553DF229CEFD0366BAA949 /* [CP] Embed Pods Frameworks */ = {
			isa = PBXShellScriptBuildPhase;
			buildActionMask = 2147483647;
			files = (
			);
			inputFileListPaths = (
				"${PODS_ROOT}/Target Support Files/Pods-Flight/Pods-Flight-frameworks-${CONFIGURATION}-input-files.xcfilelist",
			);
			name = "[CP] Embed Pods Frameworks";
			outputFileListPaths = (
				"${PODS_ROOT}/Target Support Files/Pods-Flight/Pods-Flight-frameworks-${CONFIGURATION}-output-files.xcfilelist",
			);
			runOnlyForDeploymentPostprocessing = 0;
			shellPath = /bin/sh;
			shellScript = "\"${PODS_ROOT}/Target Support Files/Pods-Flight/Pods-Flight-frameworks.sh\"\n";
			showEnvVarsInLog = 0;
		};
/* End PBXShellScriptBuildPhase section */

/* Begin PBXSourcesBuildPhase section */
		4518A1342461DDF700A98DC4 /* Sources */ = {
			isa = PBXSourcesBuildPhase;
			buildActionMask = 2147483647;
			files = (
				4518A13C2461DDF800A98DC4 /* AppDelegate.swift in Sources */,
				45EFDAA22461E186009F2633 /* Sockets.swift in Sources */,
				45EFDAA02461DFF2009F2633 /* HomeView.swift in Sources */,
			);
			runOnlyForDeploymentPostprocessing = 0;
		};
/* End PBXSourcesBuildPhase section */

/* Begin PBXVariantGroup section */
		4518A1462461DE0100A98DC4 /* LaunchScreen.storyboard */ = {
			isa = PBXVariantGroup;
			children = (
				4518A1472461DE0100A98DC4 /* Base */,
			);
			name = LaunchScreen.storyboard;
			sourceTree = "<group>";
		};
/* End PBXVariantGroup section */

/* Begin XCBuildConfiguration section */
		4518A1602461DE0200A98DC4 /* Debug */ = {
			isa = XCBuildConfiguration;
			buildSettings = {
				ALWAYS_SEARCH_USER_PATHS = NO;
				CLANG_ANALYZER_NONNULL = YES;
				CLANG_ANALYZER_NUMBER_OBJECT_CONVERSION = YES_AGGRESSIVE;
				CLANG_CXX_LANGUAGE_STANDARD = "gnu++14";
				CLANG_CXX_LIBRARY = "libc++";
				CLANG_ENABLE_MODULES = YES;
				CLANG_ENABLE_OBJC_ARC = YES;
				CLANG_ENABLE_OBJC_WEAK = YES;
				CLANG_WARN_BLOCK_CAPTURE_AUTORELEASING = YES;
				CLANG_WARN_BOOL_CONVERSION = YES;
				CLANG_WARN_COMMA = YES;
				CLANG_WARN_CONSTANT_CONVERSION = YES;
				CLANG_WARN_DEPRECATED_OBJC_IMPLEMENTATIONS = YES;
				CLANG_WARN_DIRECT_OBJC_ISA_USAGE = YES_ERROR;
				CLANG_WARN_DOCUMENTATION_COMMENTS = YES;
				CLANG_WARN_EMPTY_BODY = YES;
				CLANG_WARN_ENUM_CONVERSION = YES;
				CLANG_WARN_INFINITE_RECURSION = YES;
				CLANG_WARN_INT_CONVERSION = YES;
				CLANG_WARN_NON_LITERAL_NULL_CONVERSION = YES;
				CLANG_WARN_OBJC_IMPLICIT_RETAIN_SELF = YES;
				CLANG_WARN_OBJC_LITERAL_CONVERSION = YES;
				CLANG_WARN_OBJC_ROOT_CLASS = YES_ERROR;
				CLANG_WARN_RANGE_LOOP_ANALYSIS = YES;
				CLANG_WARN_STRICT_PROTOTYPES = YES;
				CLANG_WARN_SUSPICIOUS_MOVE = YES;
				CLANG_WARN_UNGUARDED_AVAILABILITY = YES_AGGRESSIVE;
				CLANG_WARN_UNREACHABLE_CODE = YES;
				CLANG_WARN__DUPLICATE_METHOD_MATCH = YES;
				COPY_PHASE_STRIP = NO;
				DEBUG_INFORMATION_FORMAT = dwarf;
				ENABLE_STRICT_OBJC_MSGSEND = YES;
				ENABLE_TESTABILITY = YES;
				GCC_C_LANGUAGE_STANDARD = gnu11;
				GCC_DYNAMIC_NO_PIC = NO;
				GCC_NO_COMMON_BLOCKS = YES;
				GCC_OPTIMIZATION_LEVEL = 0;
				GCC_PREPROCESSOR_DEFINITIONS = (
					"DEBUG=1",
					"$(inherited)",
				);
				GCC_WARN_64_TO_32_BIT_CONVERSION = YES;
				GCC_WARN_ABOUT_RETURN_TYPE = YES_ERROR;
				GCC_WARN_UNDECLARED_SELECTOR = YES;
				GCC_WARN_UNINITIALIZED_AUTOS = YES_AGGRESSIVE;
				GCC_WARN_UNUSED_FUNCTION = YES;
				GCC_WARN_UNUSED_VARIABLE = YES;
				IPHONEOS_DEPLOYMENT_TARGET = 13.2;
				MTL_ENABLE_DEBUG_INFO = INCLUDE_SOURCE;
				MTL_FAST_MATH = YES;
				ONLY_ACTIVE_ARCH = YES;
				SDKROOT = iphoneos;
				SWIFT_ACTIVE_COMPILATION_CONDITIONS = DEBUG;
				SWIFT_OPTIMIZATION_LEVEL = "-Onone";
			};
			name = Debug;
		};
		4518A1612461DE0200A98DC4 /* Release */ = {
			isa = XCBuildConfiguration;
			buildSettings = {
				ALWAYS_SEARCH_USER_PATHS = NO;
				CLANG_ANALYZER_NONNULL = YES;
				CLANG_ANALYZER_NUMBER_OBJECT_CONVERSION = YES_AGGRESSIVE;
				CLANG_CXX_LANGUAGE_STANDARD = "gnu++14";
				CLANG_CXX_LIBRARY = "libc++";
				CLANG_ENABLE_MODULES = YES;
				CLANG_ENABLE_OBJC_ARC = YES;
				CLANG_ENABLE_OBJC_WEAK = YES;
				CLANG_WARN_BLOCK_CAPTURE_AUTORELEASING = YES;
				CLANG_WARN_BOOL_CONVERSION = YES;
				CLANG_WARN_COMMA = YES;
				CLANG_WARN_CONSTANT_CONVERSION = YES;
				CLANG_WARN_DEPRECATED_OBJC_IMPLEMENTATIONS = YES;
				CLANG_WARN_DIRECT_OBJC_ISA_USAGE = YES_ERROR;
				CLANG_WARN_DOCUMENTATION_COMMENTS = YES;
				CLANG_WARN_EMPTY_BODY = YES;
				CLANG_WARN_ENUM_CONVERSION = YES;
				CLANG_WARN_INFINITE_RECURSION = YES;
				CLANG_WARN_INT_CONVERSION = YES;
				CLANG_WARN_NON_LITERAL_NULL_CONVERSION = YES;
				CLANG_WARN_OBJC_IMPLICIT_RETAIN_SELF = YES;
				CLANG_WARN_OBJC_LITERAL_CONVERSION = YES;
				CLANG_WARN_OBJC_ROOT_CLASS = YES_ERROR;
				CLANG_WARN_RANGE_LOOP_ANALYSIS = YES;
				CLANG_WARN_STRICT_PROTOTYPES = YES;
				CLANG_WARN_SUSPICIOUS_MOVE = YES;
				CLANG_WARN_UNGUARDED_AVAILABILITY = YES_AGGRESSIVE;
				CLANG_WARN_UNREACHABLE_CODE = YES;
				CLANG_WARN__DUPLICATE_METHOD_MATCH = YES;
				COPY_PHASE_STRIP = NO;
				DEBUG_INFORMATION_FORMAT = "dwarf-with-dsym";
				ENABLE_NS_ASSERTIONS = NO;
				ENABLE_STRICT_OBJC_MSGSEND = YES;
				GCC_C_LANGUAGE_STANDARD = gnu11;
				GCC_NO_COMMON_BLOCKS = YES;
				GCC_WARN_64_TO_32_BIT_CONVERSION = YES;
				GCC_WARN_ABOUT_RETURN_TYPE = YES_ERROR;
				GCC_WARN_UNDECLARED_SELECTOR = YES;
				GCC_WARN_UNINITIALIZED_AUTOS = YES_AGGRESSIVE;
				GCC_WARN_UNUSED_FUNCTION = YES;
				GCC_WARN_UNUSED_VARIABLE = YES;
				IPHONEOS_DEPLOYMENT_TARGET = 13.2;
				MTL_ENABLE_DEBUG_INFO = NO;
				MTL_FAST_MATH = YES;
				SDKROOT = iphoneos;
				SWIFT_COMPILATION_MODE = wholemodule;
				SWIFT_OPTIMIZATION_LEVEL = "-O";
				VALIDATE_PRODUCT = YES;
			};
			name = Release;
		};
		4518A1632461DE0200A98DC4 /* Debug */ = {
			isa = XCBuildConfiguration;
			baseConfigurationReference = F6C6B7EDA20EC54A7AA2D1F4 /* Pods-Flight.debug.xcconfig */;
			buildSettings = {
				ASSETCATALOG_COMPILER_APPICON_NAME = AppIcon;
				CODE_SIGN_STYLE = Automatic;
				DEVELOPMENT_ASSET_PATHS = "\"Flight/Preview Content\"";
				DEVELOPMENT_TEAM = 37AKFHT6H5;
				ENABLE_PREVIEWS = YES;
				INFOPLIST_FILE = Flight/Info.plist;
				IPHONEOS_DEPLOYMENT_TARGET = 12.0;
				LD_RUNPATH_SEARCH_PATHS = (
					"$(inherited)",
					"@executable_path/Frameworks",
				);
				PRODUCT_BUNDLE_IDENTIFIER = com.elizhang.Flight;
				PRODUCT_NAME = "$(TARGET_NAME)";
				SWIFT_VERSION = 5.0;
				TARGETED_DEVICE_FAMILY = "1,2";
			};
			name = Debug;
		};
		4518A1642461DE0200A98DC4 /* Release */ = {
			isa = XCBuildConfiguration;
			baseConfigurationReference = B3CA4E8450DE67C3B1977141 /* Pods-Flight.release.xcconfig */;
			buildSettings = {
				ASSETCATALOG_COMPILER_APPICON_NAME = AppIcon;
				CODE_SIGN_STYLE = Automatic;
				DEVELOPMENT_ASSET_PATHS = "\"Flight/Preview Content\"";
				DEVELOPMENT_TEAM = 37AKFHT6H5;
				ENABLE_PREVIEWS = YES;
				INFOPLIST_FILE = Flight/Info.plist;
				IPHONEOS_DEPLOYMENT_TARGET = 12.0;
				LD_RUNPATH_SEARCH_PATHS = (
					"$(inherited)",
					"@executable_path/Frameworks",
				);
				PRODUCT_BUNDLE_IDENTIFIER = com.elizhang.Flight;
				PRODUCT_NAME = "$(TARGET_NAME)";
				SWIFT_VERSION = 5.0;
				TARGETED_DEVICE_FAMILY = "1,2";
			};
			name = Release;
		};
/* End XCBuildConfiguration section */

/* Begin XCConfigurationList section */
		4518A1332461DDF700A98DC4 /* Build configuration list for PBXProject "Flight" */ = {
			isa = XCConfigurationList;
			buildConfigurations = (
				4518A1602461DE0200A98DC4 /* Debug */,
				4518A1612461DE0200A98DC4 /* Release */,
			);
			defaultConfigurationIsVisible = 0;
			defaultConfigurationName = Release;
		};
		4518A1622461DE0200A98DC4 /* Build configuration list for PBXNativeTarget "Flight" */ = {
			isa = XCConfigurationList;
			buildConfigurations = (
				4518A1632461DE0200A98DC4 /* Debug */,
				4518A1642461DE0200A98DC4 /* Release */,
			);
			defaultConfigurationIsVisible = 0;
			defaultConfigurationName = Release;
		};
/* End XCConfigurationList section */
	};
	rootObject = 4518A1302461DDF700A98DC4 /* Project object */;
}
